
Microsoft Visual Studio Solution File, Format Version 12.00
# Visual Studio Version 16
VisualStudioVersion = 16.0.30509.190
MinimumVisualStudioVersion = 10.0.40219.1
Project("{FAE04EC0-301F-11D3-BF4B-00C04F79EFBC}") = "Win2dProjection", "Win2dProjection\Win2dProjection.csproj", "{419685A7-8BF3-442E-8FD4-6E15BA03472C}"
EndProject
Global
	GlobalSection(SolutionConfigurationPlatforms) = preSolution
		Debug|Any CPU = Debug|Any CPU
		Debug|x64 = Debug|x64
		Release|Any CPU = Release|Any CPU
		Release|x64 = Release|x64
	EndGlobalSection
	GlobalSection(ProjectConfigurationPlatforms) = postSolution
		{419685A7-8BF3-442E-8FD4-6E15BA03472C}.Debug|Any CPU.ActiveCfg = Debug|x64
		{419685A7-8BF3-442E-8FD4-6E15BA03472C}.Debug|Any CPU.Build.0 = Debug|x64
		{419685A7-8BF3-442E-8FD4-6E15BA03472C}.Debug|x64.ActiveCfg = Debug|x64
		{419685A7-8BF3-442E-8FD4-6E15BA03472C}.Debug|x64.Build.0 = Debug|x64
		{419685A7-8BF3-442E-8FD4-6E15BA03472C}.Release|Any CPU.ActiveCfg = Release|Any CPU
		{419685A7-8BF3-442E-8FD4-6E15BA03472C}.Release|Any CPU.Build.0 = Release|Any CPU
		{419685A7-8BF3-442E-8FD4-6E15BA03472C}.Release|x64.ActiveCfg = Release|x64
		{419685A7-8BF3-442E-8FD4-6E15BA03472C}.Release|x64.Build.0 = Release|x64
	EndGlobalSection
	GlobalSection(SolutionProperties) = preSolution
		HideSolutionNode = FALSE
	EndGlobalSection
	GlobalSection(ExtensibilityGlobals) = postSolution
		SolutionGuid = {1EE84D22-7CF5-4868-9219-DE4E16BDF45C}
	EndGlobalSection
EndGlobal
